{
  "name": "nintendo",
  "lockfileVersion": 2,
  "requires": true,
  "packages": {
    "": {
      "dependencies": {
        "@splidejs/splide": "^3.2.1",
        "flag-icon-css": "^4.1.4"
      }
    },
    "node_modules/@splidejs/splide": {
      "version": "3.2.1",
      "resolved": "https://registry.npmjs.org/@splidejs/splide/-/splide-3.2.1.tgz",
      "integrity": "sha512-P6gBp+JtsG67ZnHWxzA8jGc7rZQ1nls7CDJQkQeexxXdFu+4myouRIzXhooU/uWdQDNEQ4ttgC3F1+T1tgstuw=="
    },
    "node_modules/flag-icon-css": {
      "version": "4.1.4",
      "resolved": "https://registry.npmjs.org/flag-icon-css/-/flag-icon-css-4.1.4.tgz",
      "integrity": "sha512-C1zP1/LYS5LUL5JGDGI1tOLQDS/NfwJA457lGkylHQCAUjPGzZQWp5br9q/WpcCa0Z45Tf2dadwHWENuWvaRKg=="
    }
  },
  "dependencies": {
    "@splidejs/splide": {
      "version": "3.2.1",
      "resolved": "https://registry.npmjs.org/@splidejs/splide/-/splide-3.2.1.tgz",
      "integrity": "sha512-P6gBp+JtsG67ZnHWxzA8jGc7rZQ1nls7CDJQkQeexxXdFu+4myouRIzXhooU/uWdQDNEQ4ttgC3F1+T1tgstuw=="
    },
    "flag-icon-css": {
      "version": "4.1.4",
      "resolved": "https://registry.npmjs.org/flag-icon-css/-/flag-icon-css-4.1.4.tgz",
      "integrity": "sha512-C1zP1/LYS5LUL5JGDGI1tOLQDS/NfwJA457lGkylHQCAUjPGzZQWp5br9q/WpcCa0Z45Tf2dadwHWENuWvaRKg=="
    }
  }
}
